{
  "object": {
    "pins": [
      {
        "package": "LibCache",
        "repositoryURL": "https://github.com/dezel-framework/dezel-lib-cache.git",
        "state": {
          "branch": "master",
          "revision": "76b362c42cf56983cc3e5af422e5954118e0f65a",
          "version": null
        }
      },
      {
        "package": "LibWebSocket",
        "repositoryURL": "https://github.com/dezel-framework/dezel-lib-websocket.git",
        "state": {
          "branch": "master",
          "revision": "1e17f0bac6b43ef32cc97c650b4cd7835a737949",
          "version": null
        }
      }
    ]
  },
  "version": 1
}
